
Microsoft Visual Studio Solution File, Format Version 12.00
# Visual Studio Version 17
VisualStudioVersion = 17.0.31903.59
MinimumVisualStudioVersion = 10.0.40219.1
Project("{FAE04EC0-301F-11D3-BF4B-00C04F79EFBC}") = "PlanitTest_Edge_WebDriver", "PlanitTest_Edge_WebDriver\PlanitTest_Edge_WebDriver.csproj", "{419D2647-4CB4-43A9-B6DD-A346838D8847}"
EndProject
Global
	GlobalSection(SolutionConfigurationPlatforms) = preSolution
		Debug|Any CPU = Debug|Any CPU
		Release|Any CPU = Release|Any CPU
	EndGlobalSection
	GlobalSection(ProjectConfigurationPlatforms) = postSolution
		{419D2647-4CB4-43A9-B6DD-A346838D8847}.Debug|Any CPU.ActiveCfg = Debug|Any CPU
		{419D2647-4CB4-43A9-B6DD-A346838D8847}.Debug|Any CPU.Build.0 = Debug|Any CPU
		{419D2647-4CB4-43A9-B6DD-A346838D8847}.Release|Any CPU.ActiveCfg = Release|Any CPU
		{419D2647-4CB4-43A9-B6DD-A346838D8847}.Release|Any CPU.Build.0 = Release|Any CPU
	EndGlobalSection
	GlobalSection(SolutionProperties) = preSolution
		HideSolutionNode = FALSE
	EndGlobalSection
	GlobalSection(ExtensibilityGlobals) = postSolution
		SolutionGuid = {E49DE165-C5C3-4765-83E2-84624BABA37D}
	EndGlobalSection
EndGlobal
